
Microsoft Visual Studio Solution File, Format Version 12.00
# Visual Studio Version 16
VisualStudioVersion = 16.0.29418.71
MinimumVisualStudioVersion = 10.0.40219.1
Project("{9A19103F-16F7-4668-BE54-9A1E7A4F7556}") = "NemesisModCompanion.Core.Domain", "src\NemesisModCompanion.Core.Domain\NemesisModCompanion.Core.Domain.csproj", "{BD6A7DBB-9F90-4AAC-842C-A9496AC1FF43}"
EndProject
Project("{9A19103F-16F7-4668-BE54-9A1E7A4F7556}") = "NemesisModCompanion.Core.Services", "src\NemesisModCompanion.Core.Services\NemesisModCompanion.Core.Services.csproj", "{A1F10733-66EB-40DC-91CC-4CF136EE0682}"
EndProject
Project("{2150E333-8FDC-42A3-9474-1A3956D46DE8}") = "Core", "Core", "{F0C5B51D-78E5-498E-B397-33975D332645}"
EndProject
Project("{9A19103F-16F7-4668-BE54-9A1E7A4F7556}") = "NemesisModCompanion", "src\NemesisModCompanion\NemesisModCompanion.csproj", "{25060D7C-2432-4189-8CB4-20FC9AB40511}"
EndProject
Project("{FAE04EC0-301F-11D3-BF4B-00C04F79EFBC}") = "NemesisModCompanion.UwpApp", "src\NemesisModCompanion.UwpApp\NemesisModCompanion.UwpApp.csproj", "{AD2E6016-AEFF-42C2-86C2-1BD5A9E3B193}"
EndProject
Global
	GlobalSection(SolutionConfigurationPlatforms) = preSolution
		Debug (iOS)|Any CPU = Debug (iOS)|Any CPU
		Debug (iOS)|ARM = Debug (iOS)|ARM
		Debug (iOS)|ARM64 = Debug (iOS)|ARM64
		Debug (iOS)|iPhone = Debug (iOS)|iPhone
		Debug (iOS)|iPhoneSimulator = Debug (iOS)|iPhoneSimulator
		Debug (iOS)|x64 = Debug (iOS)|x64
		Debug (iOS)|x86 = Debug (iOS)|x86
		Debug (Windows)|Any CPU = Debug (Windows)|Any CPU
		Debug (Windows)|ARM = Debug (Windows)|ARM
		Debug (Windows)|ARM64 = Debug (Windows)|ARM64
		Debug (Windows)|iPhone = Debug (Windows)|iPhone
		Debug (Windows)|iPhoneSimulator = Debug (Windows)|iPhoneSimulator
		Debug (Windows)|x64 = Debug (Windows)|x64
		Debug (Windows)|x86 = Debug (Windows)|x86
		Debug|Any CPU = Debug|Any CPU
		Debug|ARM = Debug|ARM
		Debug|ARM64 = Debug|ARM64
		Debug|iPhone = Debug|iPhone
		Debug|iPhoneSimulator = Debug|iPhoneSimulator
		Debug|x64 = Debug|x64
		Debug|x86 = Debug|x86
		Release|Any CPU = Release|Any CPU
		Release|ARM = Release|ARM
		Release|ARM64 = Release|ARM64
		Release|iPhone = Release|iPhone
		Release|iPhoneSimulator = Release|iPhoneSimulator
		Release|x64 = Release|x64
		Release|x86 = Release|x86
	EndGlobalSection
	GlobalSection(ProjectConfigurationPlatforms) = postSolution
		{BD6A7DBB-9F90-4AAC-842C-A9496AC1FF43}.Debug (iOS)|Any CPU.ActiveCfg = Debug|Any CPU
		{BD6A7DBB-9F90-4AAC-842C-A9496AC1FF43}.Debug (iOS)|Any CPU.Build.0 = Debug|Any CPU
		{BD6A7DBB-9F90-4AAC-842C-A9496AC1FF43}.Debug (iOS)|ARM.ActiveCfg = Debug|Any CPU
		{BD6A7DBB-9F90-4AAC-842C-A9496AC1FF43}.Debug (iOS)|ARM.Build.0 = Debug|Any CPU
		{BD6A7DBB-9F90-4AAC-842C-A9496AC1FF43}.Debug (iOS)|ARM64.ActiveCfg = Debug|Any CPU
		{BD6A7DBB-9F90-4AAC-842C-A9496AC1FF43}.Debug (iOS)|ARM64.Build.0 = Debug|Any CPU
		{BD6A7DBB-9F90-4AAC-842C-A9496AC1FF43}.Debug (iOS)|iPhone.ActiveCfg = Debug|Any CPU
		{BD6A7DBB-9F90-4AAC-842C-A9496AC1FF43}.Debug (iOS)|iPhone.Build.0 = Debug|Any CPU
		{BD6A7DBB-9F90-4AAC-842C-A9496AC1FF43}.Debug (iOS)|iPhoneSimulator.ActiveCfg = Debug|Any CPU
		{BD6A7DBB-9F90-4AAC-842C-A9496AC1FF43}.Debug (iOS)|iPhoneSimulator.Build.0 = Debug|Any CPU
		{BD6A7DBB-9F90-4AAC-842C-A9496AC1FF43}.Debug (iOS)|x64.ActiveCfg = Debug|Any CPU
		{BD6A7DBB-9F90-4AAC-842C-A9496AC1FF43}.Debug (iOS)|x64.Build.0 = Debug|Any CPU
		{BD6A7DBB-9F90-4AAC-842C-A9496AC1FF43}.Debug (iOS)|x86.ActiveCfg = Debug|Any CPU
		{BD6A7DBB-9F90-4AAC-842C-A9496AC1FF43}.Debug (iOS)|x86.Build.0 = Debug|Any CPU
		{BD6A7DBB-9F90-4AAC-842C-A9496AC1FF43}.Debug (Windows)|Any CPU.ActiveCfg = Debug|Any CPU
		{BD6A7DBB-9F90-4AAC-842C-A9496AC1FF43}.Debug (Windows)|Any CPU.Build.0 = Debug|Any CPU
		{BD6A7DBB-9F90-4AAC-842C-A9496AC1FF43}.Debug (Windows)|ARM.ActiveCfg = Debug|Any CPU
		{BD6A7DBB-9F90-4AAC-842C-A9496AC1FF43}.Debug (Windows)|ARM.Build.0 = Debug|Any CPU
		{BD6A7DBB-9F90-4AAC-842C-A9496AC1FF43}.Debug (Windows)|ARM64.ActiveCfg = Debug|Any CPU
		{BD6A7DBB-9F90-4AAC-842C-A9496AC1FF43}.Debug (Windows)|ARM64.Build.0 = Debug|Any CPU
		{BD6A7DBB-9F90-4AAC-842C-A9496AC1FF43}.Debug (Windows)|iPhone.ActiveCfg = Debug|Any CPU
		{BD6A7DBB-9F90-4AAC-842C-A9496AC1FF43}.Debug (Windows)|iPhone.Build.0 = Debug|Any CPU
		{BD6A7DBB-9F90-4AAC-842C-A9496AC1FF43}.Debug (Windows)|iPhoneSimulator.ActiveCfg = Debug|Any CPU
		{BD6A7DBB-9F90-4AAC-842C-A9496AC1FF43}.Debug (Windows)|iPhoneSimulator.Build.0 = Debug|Any CPU
		{BD6A7DBB-9F90-4AAC-842C-A9496AC1FF43}.Debug (Windows)|x64.ActiveCfg = Debug|Any CPU
		{BD6A7DBB-9F90-4AAC-842C-A9496AC1FF43}.Debug (Windows)|x64.Build.0 = Debug|Any CPU
		{BD6A7DBB-9F90-4AAC-842C-A9496AC1FF43}.Debug (Windows)|x86.ActiveCfg = Debug|Any CPU
		{BD6A7DBB-9F90-4AAC-842C-A9496AC1FF43}.Debug (Windows)|x86.Build.0 = Debug|Any CPU
		{BD6A7DBB-9F90-4AAC-842C-A9496AC1FF43}.Debug|Any CPU.ActiveCfg = Debug|Any CPU
		{BD6A7DBB-9F90-4AAC-842C-A9496AC1FF43}.Debug|Any CPU.Build.0 = Debug|Any CPU
		{BD6A7DBB-9F90-4AAC-842C-A9496AC1FF43}.Debug|ARM.ActiveCfg = Debug|Any CPU
		{BD6A7DBB-9F90-4AAC-842C-A9496AC1FF43}.Debug|ARM.Build.0 = Debug|Any CPU
		{BD6A7DBB-9F90-4AAC-842C-A9496AC1FF43}.Debug|ARM64.ActiveCfg = Debug|Any CPU
		{BD6A7DBB-9F90-4AAC-842C-A9496AC1FF43}.Debug|ARM64.Build.0 = Debug|Any CPU
		{BD6A7DBB-9F90-4AAC-842C-A9496AC1FF43}.Debug|iPhone.ActiveCfg = Debug|Any CPU
		{BD6A7DBB-9F90-4AAC-842C-A9496AC1FF43}.Debug|iPhone.Build.0 = Debug|Any CPU
		{BD6A7DBB-9F90-4AAC-842C-A9496AC1FF43}.Debug|iPhoneSimulator.ActiveCfg = Debug|Any CPU
		{BD6A7DBB-9F90-4AAC-842C-A9496AC1FF43}.Debug|iPhoneSimulator.Build.0 = Debug|Any CPU
		{BD6A7DBB-9F90-4AAC-842C-A9496AC1FF43}.Debug|x64.ActiveCfg = Debug|Any CPU
		{BD6A7DBB-9F90-4AAC-842C-A9496AC1FF43}.Debug|x64.Build.0 = Debug|Any CPU
		{BD6A7DBB-9F90-4AAC-842C-A9496AC1FF43}.Debug|x86.ActiveCfg = Debug|Any CPU
		{BD6A7DBB-9F90-4AAC-842C-A9496AC1FF43}.Debug|x86.Build.0 = Debug|Any CPU
		{BD6A7DBB-9F90-4AAC-842C-A9496AC1FF43}.Release|Any CPU.ActiveCfg = Release|Any CPU
		{BD6A7DBB-9F90-4AAC-842C-A9496AC1FF43}.Release|Any CPU.Build.0 = Release|Any CPU
		{BD6A7DBB-9F90-4AAC-842C-A9496AC1FF43}.Release|ARM.ActiveCfg = Release|Any CPU
		{BD6A7DBB-9F90-4AAC-842C-A9496AC1FF43}.Release|ARM.Build.0 = Release|Any CPU
		{BD6A7DBB-9F90-4AAC-842C-A9496AC1FF43}.Release|ARM64.ActiveCfg = Release|Any CPU
		{BD6A7DBB-9F90-4AAC-842C-A9496AC1FF43}.Release|ARM64.Build.0 = Release|Any CPU
		{BD6A7DBB-9F90-4AAC-842C-A9496AC1FF43}.Release|iPhone.ActiveCfg = Release|Any CPU
		{BD6A7DBB-9F90-4AAC-842C-A9496AC1FF43}.Release|iPhone.Build.0 = Release|Any CPU
		{BD6A7DBB-9F90-4AAC-842C-A9496AC1FF43}.Release|iPhoneSimulator.ActiveCfg = Release|Any CPU
		{BD6A7DBB-9F90-4AAC-842C-A9496AC1FF43}.Release|iPhoneSimulator.Build.0 = Release|Any CPU
		{BD6A7DBB-9F90-4AAC-842C-A9496AC1FF43}.Release|x64.ActiveCfg = Release|Any CPU
		{BD6A7DBB-9F90-4AAC-842C-A9496AC1FF43}.Release|x64.Build.0 = Release|Any CPU
		{BD6A7DBB-9F90-4AAC-842C-A9496AC1FF43}.Release|x86.ActiveCfg = Release|Any CPU
		{BD6A7DBB-9F90-4AAC-842C-A9496AC1FF43}.Release|x86.Build.0 = Release|Any CPU
		{A1F10733-66EB-40DC-91CC-4CF136EE0682}.Debug (iOS)|Any CPU.ActiveCfg = Debug|Any CPU
		{A1F10733-66EB-40DC-91CC-4CF136EE0682}.Debug (iOS)|Any CPU.Build.0 = Debug|Any CPU
		{A1F10733-66EB-40DC-91CC-4CF136EE0682}.Debug (iOS)|ARM.ActiveCfg = Debug|Any CPU
		{A1F10733-66EB-40DC-91CC-4CF136EE0682}.Debug (iOS)|ARM.Build.0 = Debug|Any CPU
		{A1F10733-66EB-40DC-91CC-4CF136EE0682}.Debug (iOS)|ARM64.ActiveCfg = Debug|Any CPU
		{A1F10733-66EB-40DC-91CC-4CF136EE0682}.Debug (iOS)|ARM64.Build.0 = Debug|Any CPU
		{A1F10733-66EB-40DC-91CC-4CF136EE0682}.Debug (iOS)|iPhone.ActiveCfg = Debug|Any CPU
		{A1F10733-66EB-40DC-91CC-4CF136EE0682}.Debug (iOS)|iPhone.Build.0 = Debug|Any CPU
		{A1F10733-66EB-40DC-91CC-4CF136EE0682}.Debug (iOS)|iPhoneSimulator.ActiveCfg = Debug|Any CPU
		{A1F10733-66EB-40DC-91CC-4CF136EE0682}.Debug (iOS)|iPhoneSimulator.Build.0 = Debug|Any CPU
		{A1F10733-66EB-40DC-91CC-4CF136EE0682}.Debug (iOS)|x64.ActiveCfg = Debug|Any CPU
		{A1F10733-66EB-40DC-91CC-4CF136EE0682}.Debug (iOS)|x64.Build.0 = Debug|Any CPU
		{A1F10733-66EB-40DC-91CC-4CF136EE0682}.Debug (iOS)|x86.ActiveCfg = Debug|Any CPU
		{A1F10733-66EB-40DC-91CC-4CF136EE0682}.Debug (iOS)|x86.Build.0 = Debug|Any CPU
		{A1F10733-66EB-40DC-91CC-4CF136EE0682}.Debug (Windows)|Any CPU.ActiveCfg = Debug|Any CPU
		{A1F10733-66EB-40DC-91CC-4CF136EE0682}.Debug (Windows)|Any CPU.Build.0 = Debug|Any CPU
		{A1F10733-66EB-40DC-91CC-4CF136EE0682}.Debug (Windows)|ARM.ActiveCfg = Debug|Any CPU
		{A1F10733-66EB-40DC-91CC-4CF136EE0682}.Debug (Windows)|ARM.Build.0 = Debug|Any CPU
		{A1F10733-66EB-40DC-91CC-4CF136EE0682}.Debug (Windows)|ARM64.ActiveCfg = Debug|Any CPU
		{A1F10733-66EB-40DC-91CC-4CF136EE0682}.Debug (Windows)|ARM64.Build.0 = Debug|Any CPU
		{A1F10733-66EB-40DC-91CC-4CF136EE0682}.Debug (Windows)|iPhone.ActiveCfg = Debug|Any CPU
		{A1F10733-66EB-40DC-91CC-4CF136EE0682}.Debug (Windows)|iPhone.Build.0 = Debug|Any CPU
		{A1F10733-66EB-40DC-91CC-4CF136EE0682}.Debug (Windows)|iPhoneSimulator.ActiveCfg = Debug|Any CPU
		{A1F10733-66EB-40DC-91CC-4CF136EE0682}.Debug (Windows)|iPhoneSimulator.Build.0 = Debug|Any CPU
		{A1F10733-66EB-40DC-91CC-4CF136EE0682}.Debug (Windows)|x64.ActiveCfg = Debug|Any CPU
		{A1F10733-66EB-40DC-91CC-4CF136EE0682}.Debug (Windows)|x64.Build.0 = Debug|Any CPU
		{A1F10733-66EB-40DC-91CC-4CF136EE0682}.Debug (Windows)|x86.ActiveCfg = Debug|Any CPU
		{A1F10733-66EB-40DC-91CC-4CF136EE0682}.Debug (Windows)|x86.Build.0 = Debug|Any CPU
		{A1F10733-66EB-40DC-91CC-4CF136EE0682}.Debug|Any CPU.ActiveCfg = Debug|Any CPU
		{A1F10733-66EB-40DC-91CC-4CF136EE0682}.Debug|Any CPU.Build.0 = Debug|Any CPU
		{A1F10733-66EB-40DC-91CC-4CF136EE0682}.Debug|ARM.ActiveCfg = Debug|Any CPU
		{A1F10733-66EB-40DC-91CC-4CF136EE0682}.Debug|ARM.Build.0 = Debug|Any CPU
		{A1F10733-66EB-40DC-91CC-4CF136EE0682}.Debug|ARM64.ActiveCfg = Debug|Any CPU
		{A1F10733-66EB-40DC-91CC-4CF136EE0682}.Debug|ARM64.Build.0 = Debug|Any CPU
		{A1F10733-66EB-40DC-91CC-4CF136EE0682}.Debug|iPhone.ActiveCfg = Debug|Any CPU
		{A1F10733-66EB-40DC-91CC-4CF136EE0682}.Debug|iPhone.Build.0 = Debug|Any CPU
		{A1F10733-66EB-40DC-91CC-4CF136EE0682}.Debug|iPhoneSimulator.ActiveCfg = Debug|Any CPU
		{A1F10733-66EB-40DC-91CC-4CF136EE0682}.Debug|iPhoneSimulator.Build.0 = Debug|Any CPU
		{A1F10733-66EB-40DC-91CC-4CF136EE0682}.Debug|x64.ActiveCfg = Debug|Any CPU
		{A1F10733-66EB-40DC-91CC-4CF136EE0682}.Debug|x64.Build.0 = Debug|Any CPU
		{A1F10733-66EB-40DC-91CC-4CF136EE0682}.Debug|x86.ActiveCfg = Debug|Any CPU
		{A1F10733-66EB-40DC-91CC-4CF136EE0682}.Debug|x86.Build.0 = Debug|Any CPU
		{A1F10733-66EB-40DC-91CC-4CF136EE0682}.Release|Any CPU.ActiveCfg = Release|Any CPU
		{A1F10733-66EB-40DC-91CC-4CF136EE0682}.Release|Any CPU.Build.0 = Release|Any CPU
		{A1F10733-66EB-40DC-91CC-4CF136EE0682}.Release|ARM.ActiveCfg = Release|Any CPU
		{A1F10733-66EB-40DC-91CC-4CF136EE0682}.Release|ARM.Build.0 = Release|Any CPU
		{A1F10733-66EB-40DC-91CC-4CF136EE0682}.Release|ARM64.ActiveCfg = Release|Any CPU
		{A1F10733-66EB-40DC-91CC-4CF136EE0682}.Release|ARM64.Build.0 = Release|Any CPU
		{A1F10733-66EB-40DC-91CC-4CF136EE0682}.Release|iPhone.ActiveCfg = Release|Any CPU
		{A1F10733-66EB-40DC-91CC-4CF136EE0682}.Release|iPhone.Build.0 = Release|Any CPU
		{A1F10733-66EB-40DC-91CC-4CF136EE0682}.Release|iPhoneSimulator.ActiveCfg = Release|Any CPU
		{A1F10733-66EB-40DC-91CC-4CF136EE0682}.Release|iPhoneSimulator.Build.0 = Release|Any CPU
		{A1F10733-66EB-40DC-91CC-4CF136EE0682}.Release|x64.ActiveCfg = Release|Any CPU
		{A1F10733-66EB-40DC-91CC-4CF136EE0682}.Release|x64.Build.0 = Release|Any CPU
		{A1F10733-66EB-40DC-91CC-4CF136EE0682}.Release|x86.ActiveCfg = Release|Any CPU
		{A1F10733-66EB-40DC-91CC-4CF136EE0682}.Release|x86.Build.0 = Release|Any CPU
		{25060D7C-2432-4189-8CB4-20FC9AB40511}.Debug (iOS)|Any CPU.ActiveCfg = Debug|Any CPU
		{25060D7C-2432-4189-8CB4-20FC9AB40511}.Debug (iOS)|Any CPU.Build.0 = Debug|Any CPU
		{25060D7C-2432-4189-8CB4-20FC9AB40511}.Debug (iOS)|ARM.ActiveCfg = Debug|Any CPU
		{25060D7C-2432-4189-8CB4-20FC9AB40511}.Debug (iOS)|ARM.Build.0 = Debug|Any CPU
		{25060D7C-2432-4189-8CB4-20FC9AB40511}.Debug (iOS)|ARM64.ActiveCfg = Debug|Any CPU
		{25060D7C-2432-4189-8CB4-20FC9AB40511}.Debug (iOS)|ARM64.Build.0 = Debug|Any CPU
		{25060D7C-2432-4189-8CB4-20FC9AB40511}.Debug (iOS)|iPhone.ActiveCfg = Debug|Any CPU
		{25060D7C-2432-4189-8CB4-20FC9AB40511}.Debug (iOS)|iPhone.Build.0 = Debug|Any CPU
		{25060D7C-2432-4189-8CB4-20FC9AB40511}.Debug (iOS)|iPhoneSimulator.ActiveCfg = Debug|Any CPU
		{25060D7C-2432-4189-8CB4-20FC9AB40511}.Debug (iOS)|iPhoneSimulator.Build.0 = Debug|Any CPU
		{25060D7C-2432-4189-8CB4-20FC9AB40511}.Debug (iOS)|x64.ActiveCfg = Debug|Any CPU
		{25060D7C-2432-4189-8CB4-20FC9AB40511}.Debug (iOS)|x64.Build.0 = Debug|Any CPU
		{25060D7C-2432-4189-8CB4-20FC9AB40511}.Debug (iOS)|x86.ActiveCfg = Debug|Any CPU
		{25060D7C-2432-4189-8CB4-20FC9AB40511}.Debug (iOS)|x86.Build.0 = Debug|Any CPU
		{25060D7C-2432-4189-8CB4-20FC9AB40511}.Debug (Windows)|Any CPU.ActiveCfg = Debug|Any CPU
		{25060D7C-2432-4189-8CB4-20FC9AB40511}.Debug (Windows)|Any CPU.Build.0 = Debug|Any CPU
		{25060D7C-2432-4189-8CB4-20FC9AB40511}.Debug (Windows)|ARM.ActiveCfg = Debug|Any CPU
		{25060D7C-2432-4189-8CB4-20FC9AB40511}.Debug (Windows)|ARM.Build.0 = Debug|Any CPU
		{25060D7C-2432-4189-8CB4-20FC9AB40511}.Debug (Windows)|ARM64.ActiveCfg = Debug|Any CPU
		{25060D7C-2432-4189-8CB4-20FC9AB40511}.Debug (Windows)|ARM64.Build.0 = Debug|Any CPU
		{25060D7C-2432-4189-8CB4-20FC9AB40511}.Debug (Windows)|iPhone.ActiveCfg = Debug|Any CPU
		{25060D7C-2432-4189-8CB4-20FC9AB40511}.Debug (Windows)|iPhone.Build.0 = Debug|Any CPU
		{25060D7C-2432-4189-8CB4-20FC9AB40511}.Debug (Windows)|iPhoneSimulator.ActiveCfg = Debug|Any CPU
		{25060D7C-2432-4189-8CB4-20FC9AB40511}.Debug (Windows)|iPhoneSimulator.Build.0 = Debug|Any CPU
		{25060D7C-2432-4189-8CB4-20FC9AB40511}.Debug (Windows)|x64.ActiveCfg = Debug|Any CPU
		{25060D7C-2432-4189-8CB4-20FC9AB40511}.Debug (Windows)|x64.Build.0 = Debug|Any CPU
		{25060D7C-2432-4189-8CB4-20FC9AB40511}.Debug (Windows)|x86.ActiveCfg = Debug|Any CPU
		{25060D7C-2432-4189-8CB4-20FC9AB40511}.Debug (Windows)|x86.Build.0 = Debug|Any CPU
		{25060D7C-2432-4189-8CB4-20FC9AB40511}.Debug|Any CPU.ActiveCfg = Debug|Any CPU
		{25060D7C-2432-4189-8CB4-20FC9AB40511}.Debug|Any CPU.Build.0 = Debug|Any CPU
		{25060D7C-2432-4189-8CB4-20FC9AB40511}.Debug|ARM.ActiveCfg = Debug|Any CPU
		{25060D7C-2432-4189-8CB4-20FC9AB40511}.Debug|ARM.Build.0 = Debug|Any CPU
		{25060D7C-2432-4189-8CB4-20FC9AB40511}.Debug|ARM64.ActiveCfg = Debug|Any CPU
		{25060D7C-2432-4189-8CB4-20FC9AB40511}.Debug|ARM64.Build.0 = Debug|Any CPU
		{25060D7C-2432-4189-8CB4-20FC9AB40511}.Debug|iPhone.ActiveCfg = Debug|Any CPU
		{25060D7C-2432-4189-8CB4-20FC9AB40511}.Debug|iPhone.Build.0 = Debug|Any CPU
		{25060D7C-2432-4189-8CB4-20FC9AB40511}.Debug|iPhoneSimulator.ActiveCfg = Debug|Any CPU
		{25060D7C-2432-4189-8CB4-20FC9AB40511}.Debug|iPhoneSimulator.Build.0 = Debug|Any CPU
		{25060D7C-2432-4189-8CB4-20FC9AB40511}.Debug|x64.ActiveCfg = Debug|Any CPU
		{25060D7C-2432-4189-8CB4-20FC9AB40511}.Debug|x64.Build.0 = Debug|Any CPU
		{25060D7C-2432-4189-8CB4-20FC9AB40511}.Debug|x86.ActiveCfg = Debug|Any CPU
		{25060D7C-2432-4189-8CB4-20FC9AB40511}.Debug|x86.Build.0 = Debug|Any CPU
		{25060D7C-2432-4189-8CB4-20FC9AB40511}.Release|Any CPU.ActiveCfg = Release|Any CPU
		{25060D7C-2432-4189-8CB4-20FC9AB40511}.Release|Any CPU.Build.0 = Release|Any CPU
		{25060D7C-2432-4189-8CB4-20FC9AB40511}.Release|ARM.ActiveCfg = Release|Any CPU
		{25060D7C-2432-4189-8CB4-20FC9AB40511}.Release|ARM.Build.0 = Release|Any CPU
		{25060D7C-2432-4189-8CB4-20FC9AB40511}.Release|ARM64.ActiveCfg = Release|Any CPU
		{25060D7C-2432-4189-8CB4-20FC9AB40511}.Release|ARM64.Build.0 = Release|Any CPU
		{25060D7C-2432-4189-8CB4-20FC9AB40511}.Release|iPhone.ActiveCfg = Release|Any CPU
		{25060D7C-2432-4189-8CB4-20FC9AB40511}.Release|iPhone.Build.0 = Release|Any CPU
		{25060D7C-2432-4189-8CB4-20FC9AB40511}.Release|iPhoneSimulator.ActiveCfg = Release|Any CPU
		{25060D7C-2432-4189-8CB4-20FC9AB40511}.Release|iPhoneSimulator.Build.0 = Release|Any CPU
		{25060D7C-2432-4189-8CB4-20FC9AB40511}.Release|x64.ActiveCfg = Release|Any CPU
		{25060D7C-2432-4189-8CB4-20FC9AB40511}.Release|x64.Build.0 = Release|Any CPU
		{25060D7C-2432-4189-8CB4-20FC9AB40511}.Release|x86.ActiveCfg = Release|Any CPU
		{25060D7C-2432-4189-8CB4-20FC9AB40511}.Release|x86.Build.0 = Release|Any CPU
		{AD2E6016-AEFF-42C2-86C2-1BD5A9E3B193}.Debug (iOS)|Any CPU.ActiveCfg = Release|x64
		{AD2E6016-AEFF-42C2-86C2-1BD5A9E3B193}.Debug (iOS)|Any CPU.Build.0 = Release|x64
		{AD2E6016-AEFF-42C2-86C2-1BD5A9E3B193}.Debug (iOS)|Any CPU.Deploy.0 = Release|x64
		{AD2E6016-AEFF-42C2-86C2-1BD5A9E3B193}.Debug (iOS)|ARM.ActiveCfg = Debug|ARM
		{AD2E6016-AEFF-42C2-86C2-1BD5A9E3B193}.Debug (iOS)|ARM.Build.0 = Debug|ARM
		{AD2E6016-AEFF-42C2-86C2-1BD5A9E3B193}.Debug (iOS)|ARM.Deploy.0 = Debug|ARM
		{AD2E6016-AEFF-42C2-86C2-1BD5A9E3B193}.Debug (iOS)|ARM64.ActiveCfg = Debug|ARM64
		{AD2E6016-AEFF-42C2-86C2-1BD5A9E3B193}.Debug (iOS)|ARM64.Build.0 = Debug|ARM64
		{AD2E6016-AEFF-42C2-86C2-1BD5A9E3B193}.Debug (iOS)|ARM64.Deploy.0 = Debug|ARM64
		{AD2E6016-AEFF-42C2-86C2-1BD5A9E3B193}.Debug (iOS)|iPhone.ActiveCfg = Release|x64
		{AD2E6016-AEFF-42C2-86C2-1BD5A9E3B193}.Debug (iOS)|iPhone.Build.0 = Release|x64
		{AD2E6016-AEFF-42C2-86C2-1BD5A9E3B193}.Debug (iOS)|iPhone.Deploy.0 = Release|x64
		{AD2E6016-AEFF-42C2-86C2-1BD5A9E3B193}.Debug (iOS)|iPhoneSimulator.ActiveCfg = Release|x64
		{AD2E6016-AEFF-42C2-86C2-1BD5A9E3B193}.Debug (iOS)|iPhoneSimulator.Build.0 = Release|x64
		{AD2E6016-AEFF-42C2-86C2-1BD5A9E3B193}.Debug (iOS)|iPhoneSimulator.Deploy.0 = Release|x64
		{AD2E6016-AEFF-42C2-86C2-1BD5A9E3B193}.Debug (iOS)|x64.ActiveCfg = Debug|x64
		{AD2E6016-AEFF-42C2-86C2-1BD5A9E3B193}.Debug (iOS)|x64.Build.0 = Debug|x64
		{AD2E6016-AEFF-42C2-86C2-1BD5A9E3B193}.Debug (iOS)|x64.Deploy.0 = Debug|x64
		{AD2E6016-AEFF-42C2-86C2-1BD5A9E3B193}.Debug (iOS)|x86.ActiveCfg = Debug|x86
		{AD2E6016-AEFF-42C2-86C2-1BD5A9E3B193}.Debug (iOS)|x86.Build.0 = Debug|x86
		{AD2E6016-AEFF-42C2-86C2-1BD5A9E3B193}.Debug (iOS)|x86.Deploy.0 = Debug|x86
		{AD2E6016-AEFF-42C2-86C2-1BD5A9E3B193}.Debug (Windows)|Any CPU.ActiveCfg = Debug|x64
		{AD2E6016-AEFF-42C2-86C2-1BD5A9E3B193}.Debug (Windows)|Any CPU.Build.0 = Debug|x64
		{AD2E6016-AEFF-42C2-86C2-1BD5A9E3B193}.Debug (Windows)|Any CPU.Deploy.0 = Debug|x64
		{AD2E6016-AEFF-42C2-86C2-1BD5A9E3B193}.Debug (Windows)|ARM.ActiveCfg = Debug|ARM
		{AD2E6016-AEFF-42C2-86C2-1BD5A9E3B193}.Debug (Windows)|ARM.Build.0 = Debug|ARM
		{AD2E6016-AEFF-42C2-86C2-1BD5A9E3B193}.Debug (Windows)|ARM.Deploy.0 = Debug|ARM
		{AD2E6016-AEFF-42C2-86C2-1BD5A9E3B193}.Debug (Windows)|ARM64.ActiveCfg = Debug|ARM64
		{AD2E6016-AEFF-42C2-86C2-1BD5A9E3B193}.Debug (Windows)|ARM64.Build.0 = Debug|ARM64
		{AD2E6016-AEFF-42C2-86C2-1BD5A9E3B193}.Debug (Windows)|ARM64.Deploy.0 = Debug|ARM64
		{AD2E6016-AEFF-42C2-86C2-1BD5A9E3B193}.Debug (Windows)|iPhone.ActiveCfg = Release|x64
		{AD2E6016-AEFF-42C2-86C2-1BD5A9E3B193}.Debug (Windows)|iPhone.Build.0 = Release|x64
		{AD2E6016-AEFF-42C2-86C2-1BD5A9E3B193}.Debug (Windows)|iPhone.Deploy.0 = Release|x64
		{AD2E6016-AEFF-42C2-86C2-1BD5A9E3B193}.Debug (Windows)|iPhoneSimulator.ActiveCfg = Release|x64
		{AD2E6016-AEFF-42C2-86C2-1BD5A9E3B193}.Debug (Windows)|iPhoneSimulator.Build.0 = Release|x64
		{AD2E6016-AEFF-42C2-86C2-1BD5A9E3B193}.Debug (Windows)|iPhoneSimulator.Deploy.0 = Release|x64
		{AD2E6016-AEFF-42C2-86C2-1BD5A9E3B193}.Debug (Windows)|x64.ActiveCfg = Debug|x64
		{AD2E6016-AEFF-42C2-86C2-1BD5A9E3B193}.Debug (Windows)|x64.Build.0 = Debug|x64
		{AD2E6016-AEFF-42C2-86C2-1BD5A9E3B193}.Debug (Windows)|x64.Deploy.0 = Debug|x64
		{AD2E6016-AEFF-42C2-86C2-1BD5A9E3B193}.Debug (Windows)|x86.ActiveCfg = Debug|x86
		{AD2E6016-AEFF-42C2-86C2-1BD5A9E3B193}.Debug (Windows)|x86.Build.0 = Debug|x86
		{AD2E6016-AEFF-42C2-86C2-1BD5A9E3B193}.Debug (Windows)|x86.Deploy.0 = Debug|x86
		{AD2E6016-AEFF-42C2-86C2-1BD5A9E3B193}.Debug|Any CPU.ActiveCfg = Debug|x86
		{AD2E6016-AEFF-42C2-86C2-1BD5A9E3B193}.Debug|ARM.ActiveCfg = Debug|ARM
		{AD2E6016-AEFF-42C2-86C2-1BD5A9E3B193}.Debug|ARM.Build.0 = Debug|ARM
		{AD2E6016-AEFF-42C2-86C2-1BD5A9E3B193}.Debug|ARM.Deploy.0 = Debug|ARM
		{AD2E6016-AEFF-42C2-86C2-1BD5A9E3B193}.Debug|ARM64.ActiveCfg = Debug|ARM64
		{AD2E6016-AEFF-42C2-86C2-1BD5A9E3B193}.Debug|ARM64.Build.0 = Debug|ARM64
		{AD2E6016-AEFF-42C2-86C2-1BD5A9E3B193}.Debug|ARM64.Deploy.0 = Debug|ARM64
		{AD2E6016-AEFF-42C2-86C2-1BD5A9E3B193}.Debug|iPhone.ActiveCfg = Debug|x86
		{AD2E6016-AEFF-42C2-86C2-1BD5A9E3B193}.Debug|iPhoneSimulator.ActiveCfg = Debug|x86
		{AD2E6016-AEFF-42C2-86C2-1BD5A9E3B193}.Debug|x64.ActiveCfg = Debug|x64
		{AD2E6016-AEFF-42C2-86C2-1BD5A9E3B193}.Debug|x64.Build.0 = Debug|x64
		{AD2E6016-AEFF-42C2-86C2-1BD5A9E3B193}.Debug|x64.Deploy.0 = Debug|x64
		{AD2E6016-AEFF-42C2-86C2-1BD5A9E3B193}.Debug|x86.ActiveCfg = Debug|x86
		{AD2E6016-AEFF-42C2-86C2-1BD5A9E3B193}.Debug|x86.Build.0 = Debug|x86
		{AD2E6016-AEFF-42C2-86C2-1BD5A9E3B193}.Debug|x86.Deploy.0 = Debug|x86
		{AD2E6016-AEFF-42C2-86C2-1BD5A9E3B193}.Release|Any CPU.ActiveCfg = Release|x86
		{AD2E6016-AEFF-42C2-86C2-1BD5A9E3B193}.Release|ARM.ActiveCfg = Release|ARM
		{AD2E6016-AEFF-42C2-86C2-1BD5A9E3B193}.Release|ARM.Build.0 = Release|ARM
		{AD2E6016-AEFF-42C2-86C2-1BD5A9E3B193}.Release|ARM.Deploy.0 = Release|ARM
		{AD2E6016-AEFF-42C2-86C2-1BD5A9E3B193}.Release|ARM64.ActiveCfg = Release|ARM64
		{AD2E6016-AEFF-42C2-86C2-1BD5A9E3B193}.Release|ARM64.Build.0 = Release|ARM64
		{AD2E6016-AEFF-42C2-86C2-1BD5A9E3B193}.Release|ARM64.Deploy.0 = Release|ARM64
		{AD2E6016-AEFF-42C2-86C2-1BD5A9E3B193}.Release|iPhone.ActiveCfg = Release|x86
		{AD2E6016-AEFF-42C2-86C2-1BD5A9E3B193}.Release|iPhoneSimulator.ActiveCfg = Release|x86
		{AD2E6016-AEFF-42C2-86C2-1BD5A9E3B193}.Release|x64.ActiveCfg = Release|x64
		{AD2E6016-AEFF-42C2-86C2-1BD5A9E3B193}.Release|x64.Build.0 = Release|x64
		{AD2E6016-AEFF-42C2-86C2-1BD5A9E3B193}.Release|x64.Deploy.0 = Release|x64
		{AD2E6016-AEFF-42C2-86C2-1BD5A9E3B193}.Release|x86.ActiveCfg = Release|x86
		{AD2E6016-AEFF-42C2-86C2-1BD5A9E3B193}.Release|x86.Build.0 = Release|x86
		{AD2E6016-AEFF-42C2-86C2-1BD5A9E3B193}.Release|x86.Deploy.0 = Release|x86
	EndGlobalSection
	GlobalSection(SolutionProperties) = preSolution
		HideSolutionNode = FALSE
	EndGlobalSection
	GlobalSection(NestedProjects) = preSolution
		{BD6A7DBB-9F90-4AAC-842C-A9496AC1FF43} = {F0C5B51D-78E5-498E-B397-33975D332645}
		{A1F10733-66EB-40DC-91CC-4CF136EE0682} = {F0C5B51D-78E5-498E-B397-33975D332645}
	EndGlobalSection
	GlobalSection(ExtensibilityGlobals) = postSolution
		SolutionGuid = {66D1131D-86AE-49F1-B7B0-A8B76C50FA14}
	EndGlobalSection
EndGlobal
