
Microsoft Visual Studio Solution File, Format Version 12.00
# Visual Studio Version 16
VisualStudioVersion = 16.0.29418.71
MinimumVisualStudioVersion = 10.0.40219.1
Project("{FAE04EC0-301F-11D3-BF4B-00C04F79EFBC}") = "NemesisModCompanion.iOS", "src\NemesisModCompanion.iOS\NemesisModCompanion.iOS.csproj", "{B1899265-F69F-4536-BC2C-2E22841E6737}"
EndProject
Project("{9A19103F-16F7-4668-BE54-9A1E7A4F7556}") = "NemesisModCompanion", "src\NemesisModCompanion\NemesisModCompanion.csproj", "{A16025DE-3A4E-4290-B038-1DB08A1D5594}"
EndProject
Project("{FAE04EC0-301F-11D3-BF4B-00C04F79EFBC}") = "NemesisModCompanion.Core.Domain", "src\NemesisModCompanion.Core.Domain\NemesisModCompanion.Core.Domain.csproj", "{BD6A7DBB-9F90-4AAC-842C-A9496AC1FF43}"
EndProject
Project("{FAE04EC0-301F-11D3-BF4B-00C04F79EFBC}") = "NemesisModCompanion.Core.Services", "src\NemesisModCompanion.Core.Services\NemesisModCompanion.Core.Services.csproj", "{A1F10733-66EB-40DC-91CC-4CF136EE0682}"
EndProject
Global
	GlobalSection(SolutionConfigurationPlatforms) = preSolution
		Debug|Any CPU = Debug|Any CPU
		Debug|iPhone = Debug|iPhone
		Debug|iPhoneSimulator = Debug|iPhoneSimulator
		Release|Any CPU = Release|Any CPU
		Release|iPhone = Release|iPhone
		Release|iPhoneSimulator = Release|iPhoneSimulator
	EndGlobalSection
	GlobalSection(ProjectConfigurationPlatforms) = postSolution
		{B1899265-F69F-4536-BC2C-2E22841E6737}.Debug|Any CPU.ActiveCfg = Debug|iPhoneSimulator
		{B1899265-F69F-4536-BC2C-2E22841E6737}.Debug|Any CPU.Build.0 = Debug|iPhoneSimulator
		{B1899265-F69F-4536-BC2C-2E22841E6737}.Debug|Any CPU.Deploy.0 = Debug|iPhoneSimulator
		{B1899265-F69F-4536-BC2C-2E22841E6737}.Debug|iPhone.ActiveCfg = Debug|iPhone
		{B1899265-F69F-4536-BC2C-2E22841E6737}.Debug|iPhone.Build.0 = Debug|iPhone
		{B1899265-F69F-4536-BC2C-2E22841E6737}.Debug|iPhone.Deploy.0 = Debug|iPhone
		{B1899265-F69F-4536-BC2C-2E22841E6737}.Debug|iPhoneSimulator.ActiveCfg = Debug|iPhoneSimulator
		{B1899265-F69F-4536-BC2C-2E22841E6737}.Debug|iPhoneSimulator.Build.0 = Debug|iPhoneSimulator
		{B1899265-F69F-4536-BC2C-2E22841E6737}.Debug|iPhoneSimulator.Deploy.0 = Debug|iPhoneSimulator
		{B1899265-F69F-4536-BC2C-2E22841E6737}.Release|Any CPU.ActiveCfg = Release|iPhone
		{B1899265-F69F-4536-BC2C-2E22841E6737}.Release|Any CPU.Build.0 = Release|iPhone
		{B1899265-F69F-4536-BC2C-2E22841E6737}.Release|Any CPU.Deploy.0 = Release|iPhone
		{B1899265-F69F-4536-BC2C-2E22841E6737}.Release|iPhone.ActiveCfg = Release|iPhone
		{B1899265-F69F-4536-BC2C-2E22841E6737}.Release|iPhone.Build.0 = Release|iPhone
		{B1899265-F69F-4536-BC2C-2E22841E6737}.Release|iPhone.Deploy.0 = Release|iPhone
		{B1899265-F69F-4536-BC2C-2E22841E6737}.Release|iPhoneSimulator.ActiveCfg = Release|iPhoneSimulator
		{B1899265-F69F-4536-BC2C-2E22841E6737}.Release|iPhoneSimulator.Build.0 = Release|iPhoneSimulator
		{B1899265-F69F-4536-BC2C-2E22841E6737}.Release|iPhoneSimulator.Deploy.0 = Release|iPhoneSimulator
		{A16025DE-3A4E-4290-B038-1DB08A1D5594}.Debug|Any CPU.ActiveCfg = Debug|Any CPU
		{A16025DE-3A4E-4290-B038-1DB08A1D5594}.Debug|Any CPU.Build.0 = Debug|Any CPU
		{A16025DE-3A4E-4290-B038-1DB08A1D5594}.Debug|Any CPU.Deploy.0 = Debug|Any CPU
		{A16025DE-3A4E-4290-B038-1DB08A1D5594}.Debug|iPhone.ActiveCfg = Debug|Any CPU
		{A16025DE-3A4E-4290-B038-1DB08A1D5594}.Debug|iPhone.Build.0 = Debug|Any CPU
		{A16025DE-3A4E-4290-B038-1DB08A1D5594}.Debug|iPhone.Deploy.0 = Debug|Any CPU
		{A16025DE-3A4E-4290-B038-1DB08A1D5594}.Debug|iPhoneSimulator.ActiveCfg = Debug|Any CPU
		{A16025DE-3A4E-4290-B038-1DB08A1D5594}.Debug|iPhoneSimulator.Build.0 = Debug|Any CPU
		{A16025DE-3A4E-4290-B038-1DB08A1D5594}.Debug|iPhoneSimulator.Deploy.0 = Debug|Any CPU
		{A16025DE-3A4E-4290-B038-1DB08A1D5594}.Release|Any CPU.ActiveCfg = Release|Any CPU
		{A16025DE-3A4E-4290-B038-1DB08A1D5594}.Release|Any CPU.Build.0 = Release|Any CPU
		{A16025DE-3A4E-4290-B038-1DB08A1D5594}.Release|Any CPU.Deploy.0 = Release|Any CPU
		{A16025DE-3A4E-4290-B038-1DB08A1D5594}.Release|iPhone.ActiveCfg = Release|Any CPU
		{A16025DE-3A4E-4290-B038-1DB08A1D5594}.Release|iPhone.Build.0 = Release|Any CPU
		{A16025DE-3A4E-4290-B038-1DB08A1D5594}.Release|iPhone.Deploy.0 = Release|Any CPU
		{A16025DE-3A4E-4290-B038-1DB08A1D5594}.Release|iPhoneSimulator.ActiveCfg = Release|Any CPU
		{A16025DE-3A4E-4290-B038-1DB08A1D5594}.Release|iPhoneSimulator.Build.0 = Release|Any CPU
		{A16025DE-3A4E-4290-B038-1DB08A1D5594}.Release|iPhoneSimulator.Deploy.0 = Release|Any CPU
		{BD6A7DBB-9F90-4AAC-842C-A9496AC1FF43}.Debug|Any CPU.ActiveCfg = Debug|Any CPU
		{BD6A7DBB-9F90-4AAC-842C-A9496AC1FF43}.Debug|Any CPU.Build.0 = Debug|Any CPU
		{BD6A7DBB-9F90-4AAC-842C-A9496AC1FF43}.Debug|iPhone.ActiveCfg = Debug|Any CPU
		{BD6A7DBB-9F90-4AAC-842C-A9496AC1FF43}.Debug|iPhone.Build.0 = Debug|Any CPU
		{BD6A7DBB-9F90-4AAC-842C-A9496AC1FF43}.Debug|iPhoneSimulator.ActiveCfg = Debug|Any CPU
		{BD6A7DBB-9F90-4AAC-842C-A9496AC1FF43}.Debug|iPhoneSimulator.Build.0 = Debug|Any CPU
		{BD6A7DBB-9F90-4AAC-842C-A9496AC1FF43}.Release|Any CPU.ActiveCfg = Release|Any CPU
		{BD6A7DBB-9F90-4AAC-842C-A9496AC1FF43}.Release|Any CPU.Build.0 = Release|Any CPU
		{BD6A7DBB-9F90-4AAC-842C-A9496AC1FF43}.Release|iPhone.ActiveCfg = Release|Any CPU
		{BD6A7DBB-9F90-4AAC-842C-A9496AC1FF43}.Release|iPhone.Build.0 = Release|Any CPU
		{BD6A7DBB-9F90-4AAC-842C-A9496AC1FF43}.Release|iPhoneSimulator.ActiveCfg = Release|Any CPU
		{BD6A7DBB-9F90-4AAC-842C-A9496AC1FF43}.Release|iPhoneSimulator.Build.0 = Release|Any CPU
		{A1F10733-66EB-40DC-91CC-4CF136EE0682}.Debug|Any CPU.ActiveCfg = Debug|Any CPU
		{A1F10733-66EB-40DC-91CC-4CF136EE0682}.Debug|Any CPU.Build.0 = Debug|Any CPU
		{A1F10733-66EB-40DC-91CC-4CF136EE0682}.Debug|iPhone.ActiveCfg = Debug|Any CPU
		{A1F10733-66EB-40DC-91CC-4CF136EE0682}.Debug|iPhone.Build.0 = Debug|Any CPU
		{A1F10733-66EB-40DC-91CC-4CF136EE0682}.Debug|iPhoneSimulator.ActiveCfg = Debug|Any CPU
		{A1F10733-66EB-40DC-91CC-4CF136EE0682}.Debug|iPhoneSimulator.Build.0 = Debug|Any CPU
		{A1F10733-66EB-40DC-91CC-4CF136EE0682}.Release|Any CPU.ActiveCfg = Release|Any CPU
		{A1F10733-66EB-40DC-91CC-4CF136EE0682}.Release|Any CPU.Build.0 = Release|Any CPU
		{A1F10733-66EB-40DC-91CC-4CF136EE0682}.Release|iPhone.ActiveCfg = Release|Any CPU
		{A1F10733-66EB-40DC-91CC-4CF136EE0682}.Release|iPhone.Build.0 = Release|Any CPU
		{A1F10733-66EB-40DC-91CC-4CF136EE0682}.Release|iPhoneSimulator.ActiveCfg = Release|Any CPU
		{A1F10733-66EB-40DC-91CC-4CF136EE0682}.Release|iPhoneSimulator.Build.0 = Release|Any CPU
	EndGlobalSection
	GlobalSection(SolutionProperties) = preSolution
		HideSolutionNode = FALSE
	EndGlobalSection
	GlobalSection(ExtensibilityGlobals) = postSolution
		SolutionGuid = {66D1131D-86AE-49F1-B7B0-A8B76C50FA14}
	EndGlobalSection
EndGlobal
